{
  "name": "faktory-testing",
  "version": "1.0.0",
  "lockfileVersion": 1,
  "requires": true,
  "dependencies": {
    "blocked": {
      "version": "1.2.1",
      "resolved": "https://registry.npmjs.org/blocked/-/blocked-1.2.1.tgz",
      "integrity": "sha1-4i7+dnhjxlq4GX9iUpKRBOHsnOI="
    },
    "commander": {
      "version": "2.11.0",
      "resolved": "https://registry.npmjs.org/commander/-/commander-2.11.0.tgz",
      "integrity": "sha512-b0553uYA5YAEGgyYIGYROzKQ7X5RAqedkfjiZxwi0kL1g3bOaBNNZfYkzt/CL0umgD5wc9Jec2FbB98CjkMRvQ=="
    },
    "debug": {
      "version": "3.1.0",
      "resolved": "https://registry.npmjs.org/debug/-/debug-3.1.0.tgz",
      "integrity": "sha512-OX8XqP7/1a9cqkxYw2yXss15f26NKWBpDXQd0/uK/KPqdQhxbPa994hnzjcE2VqQpDslf55723cKPUOGSmMY3g==",
      "requires": {
        "ms": "2.0.0"
      }
    },
    "faktory-client": {
      "version": "0.2.2",
      "resolved": "https://registry.npmjs.org/faktory-client/-/faktory-client-0.2.2.tgz",
      "integrity": "sha512-A2Yg5cIp9svFSMSJMoLavKF5G1cU1Mm17iav4UkFOVTs5wStsqk+esjKBM+MERxs/btutOvp2L0qWYBDQZkMJQ==",
      "requires": {
        "debug": "3.1.0",
        "redis-parser": "3.0.0",
        "uuid": "3.1.0"
      }
    },
    "faktory-worker": {
      "version": "0.3.0",
      "resolved": "https://registry.npmjs.org/faktory-worker/-/faktory-worker-0.3.0.tgz",
      "integrity": "sha512-UxR5io5qrfQ5+A5gL3WhrkWL51n21nWu/cnPTMhEV+FnIWj9lWCaKevfH+FIw2R241ROLcadYGK4C+U9TOQVQQ==",
      "requires": {
        "blocked": "1.2.1",
        "commander": "2.11.0",
        "debug": "3.1.0",
        "faktory-client": "0.2.2"
      }
    },
    "ms": {
      "version": "2.0.0",
      "resolved": "https://registry.npmjs.org/ms/-/ms-2.0.0.tgz",
      "integrity": "sha1-VgiurfwAvmwpAd9fmGF4jeDVl8g="
    },
    "redis-errors": {
      "version": "1.2.0",
      "resolved": "https://registry.npmjs.org/redis-errors/-/redis-errors-1.2.0.tgz",
      "integrity": "sha1-62LSrbFeTq9GEMBK/hUpOEJQq60="
    },
    "redis-parser": {
      "version": "3.0.0",
      "resolved": "https://registry.npmjs.org/redis-parser/-/redis-parser-3.0.0.tgz",
      "integrity": "sha1-tm2CjNyv5rS4pCin3vTGvKwxyLQ=",
      "requires": {
        "redis-errors": "1.2.0"
      }
    },
    "uuid": {
      "version": "3.1.0",
      "resolved": "https://registry.npmjs.org/uuid/-/uuid-3.1.0.tgz",
      "integrity": "sha512-DIWtzUkw04M4k3bf1IcpS2tngXEL26YUD2M0tMDUpnUrz2hgzUBlD55a4FjdLGPvfHxS6uluGWvaVEqgBcVa+g=="
    }
  }
}
